# This file was generated by Aiken
# You typically do not need to edit this file

[[requirements]]
name = "aiken-lang/stdlib"
version = "1.7.0"
source = "github"

[[requirements]]
name = "SundaeSwap-finance/aicone"
version = "a02ce943a2c76c0e683f327af8ad6f28d8b7cfd4"
source = "github"

[[packages]]
name = "aiken-lang/stdlib"
version = "1.7.0"
requirements = []
source = "github"

[[packages]]
name = "SundaeSwap-finance/aicone"
version = "a02ce943a2c76c0e683f327af8ad6f28d8b7cfd4"
requirements = []
source = "github"

[etags]
