# This file was generated by Aiken
# You typically do not need to edit this file

[[requirements]]
name = "aiken-lang/stdlib"
version = "1.7.0"
source = "github"

[[requirements]]
name = "SundaeSwap-finance/aicone"
version = "main"
source = "github"

[[packages]]
name = "aiken-lang/stdlib"
version = "1.7.0"
requirements = []
source = "github"

[[packages]]
name = "SundaeSwap-finance/aicone"
version = "main"
requirements = []
source = "github"

[etags]
"SundaeSwap-finance/aicone@main" = [{ secs_since_epoch = 1706209077, nanos_since_epoch = 671021000 }, "2bf1927e490547806fab94d01e5dfb65a8db56948c88f52cf2936400bc828264"]
